
Microsoft Visual Studio Solution File, Format Version 12.00
# Visual Studio Version 17
VisualStudioVersion = 17.8.34525.116
MinimumVisualStudioVersion = 10.0.40219.1
Project("{FAE04EC0-301F-11D3-BF4B-00C04F79EFBC}") = "Exercice2", "Exercice2.csproj", "{333FDA40-5CE0-4BB8-BF37-6BA0383CA9D4}"
EndProject
Global
	GlobalSection(SolutionConfigurationPlatforms) = preSolution
		Debug|Any CPU = Debug|Any CPU
		Release|Any CPU = Release|Any CPU
	EndGlobalSection
	GlobalSection(ProjectConfigurationPlatforms) = postSolution
		{333FDA40-5CE0-4BB8-BF37-6BA0383CA9D4}.Debug|Any CPU.ActiveCfg = Debug|Any CPU
		{333FDA40-5CE0-4BB8-BF37-6BA0383CA9D4}.Debug|Any CPU.Build.0 = Debug|Any CPU
		{333FDA40-5CE0-4BB8-BF37-6BA0383CA9D4}.Release|Any CPU.ActiveCfg = Release|Any CPU
		{333FDA40-5CE0-4BB8-BF37-6BA0383CA9D4}.Release|Any CPU.Build.0 = Release|Any CPU
	EndGlobalSection
	GlobalSection(SolutionProperties) = preSolution
		HideSolutionNode = FALSE
	EndGlobalSection
	GlobalSection(ExtensibilityGlobals) = postSolution
		SolutionGuid = {5897D80F-4AD2-4D2A-B318-D4B37945C318}
	EndGlobalSection
EndGlobal
