
Microsoft Visual Studio Solution File, Format Version 12.00
# Visual Studio Version 17
VisualStudioVersion = 17.8.34525.116
MinimumVisualStudioVersion = 10.0.40219.1
Project("{FAE04EC0-301F-11D3-BF4B-00C04F79EFBC}") = "Exercice6", "Exercice6.csproj", "{497FBD50-9F9A-4BD5-8AD0-ADD659DBD897}"
EndProject
Global
	GlobalSection(SolutionConfigurationPlatforms) = preSolution
		Debug|Any CPU = Debug|Any CPU
		Release|Any CPU = Release|Any CPU
	EndGlobalSection
	GlobalSection(ProjectConfigurationPlatforms) = postSolution
		{497FBD50-9F9A-4BD5-8AD0-ADD659DBD897}.Debug|Any CPU.ActiveCfg = Debug|Any CPU
		{497FBD50-9F9A-4BD5-8AD0-ADD659DBD897}.Debug|Any CPU.Build.0 = Debug|Any CPU
		{497FBD50-9F9A-4BD5-8AD0-ADD659DBD897}.Release|Any CPU.ActiveCfg = Release|Any CPU
		{497FBD50-9F9A-4BD5-8AD0-ADD659DBD897}.Release|Any CPU.Build.0 = Release|Any CPU
	EndGlobalSection
	GlobalSection(SolutionProperties) = preSolution
		HideSolutionNode = FALSE
	EndGlobalSection
	GlobalSection(ExtensibilityGlobals) = postSolution
		SolutionGuid = {152ECE95-6EB8-4C2A-A824-88E87C9C8B07}
	EndGlobalSection
EndGlobal
