
Microsoft Visual Studio Solution File, Format Version 12.00
# Visual Studio Version 17
VisualStudioVersion = 17.8.34525.116
MinimumVisualStudioVersion = 10.0.40219.1
Project("{FAE04EC0-301F-11D3-BF4B-00C04F79EFBC}") = "Exercice3", "Exercice3.csproj", "{F14750D8-2760-42EB-9220-7E972B0D9F00}"
EndProject
Global
	GlobalSection(SolutionConfigurationPlatforms) = preSolution
		Debug|Any CPU = Debug|Any CPU
		Release|Any CPU = Release|Any CPU
	EndGlobalSection
	GlobalSection(ProjectConfigurationPlatforms) = postSolution
		{F14750D8-2760-42EB-9220-7E972B0D9F00}.Debug|Any CPU.ActiveCfg = Debug|Any CPU
		{F14750D8-2760-42EB-9220-7E972B0D9F00}.Debug|Any CPU.Build.0 = Debug|Any CPU
		{F14750D8-2760-42EB-9220-7E972B0D9F00}.Release|Any CPU.ActiveCfg = Release|Any CPU
		{F14750D8-2760-42EB-9220-7E972B0D9F00}.Release|Any CPU.Build.0 = Release|Any CPU
	EndGlobalSection
	GlobalSection(SolutionProperties) = preSolution
		HideSolutionNode = FALSE
	EndGlobalSection
	GlobalSection(ExtensibilityGlobals) = postSolution
		SolutionGuid = {7AC81AE2-0255-4A61-B981-24CA9C8191F4}
	EndGlobalSection
EndGlobal
